
Microsoft Visual Studio Solution File, Format Version 12.00
# Visual Studio Version 17
VisualStudioVersion = 17.3.32929.385
MinimumVisualStudioVersion = 10.0.40219.1
Project("{9A19103F-16F7-4668-BE54-9A1E7A4F7556}") = "WpfLoggingControlForNlog", "WpfLoggingControlForNlog.csproj", "{251F18D8-7E6F-4F50-A55D-A57A7C0C0EAE}"
EndProject
Project("{FAE04EC0-301F-11D3-BF4B-00C04F79EFBC}") = "LoggingControl", "..\LoggingControl\LoggingControl.csproj", "{16DF8B1A-88A9-460E-8EAB-36259046DE6D}"
EndProject
Global
	GlobalSection(SolutionConfigurationPlatforms) = preSolution
		Debug|Any CPU = Debug|Any CPU
		Release|Any CPU = Release|Any CPU
	EndGlobalSection
	GlobalSection(ProjectConfigurationPlatforms) = postSolution
		{251F18D8-7E6F-4F50-A55D-A57A7C0C0EAE}.Debug|Any CPU.ActiveCfg = Debug|Any CPU
		{251F18D8-7E6F-4F50-A55D-A57A7C0C0EAE}.Debug|Any CPU.Build.0 = Debug|Any CPU
		{251F18D8-7E6F-4F50-A55D-A57A7C0C0EAE}.Release|Any CPU.ActiveCfg = Release|Any CPU
		{251F18D8-7E6F-4F50-A55D-A57A7C0C0EAE}.Release|Any CPU.Build.0 = Release|Any CPU
		{16DF8B1A-88A9-460E-8EAB-36259046DE6D}.Debug|Any CPU.ActiveCfg = Debug|Any CPU
		{16DF8B1A-88A9-460E-8EAB-36259046DE6D}.Debug|Any CPU.Build.0 = Debug|Any CPU
		{16DF8B1A-88A9-460E-8EAB-36259046DE6D}.Release|Any CPU.ActiveCfg = Release|Any CPU
		{16DF8B1A-88A9-460E-8EAB-36259046DE6D}.Release|Any CPU.Build.0 = Release|Any CPU
	EndGlobalSection
	GlobalSection(SolutionProperties) = preSolution
		HideSolutionNode = FALSE
	EndGlobalSection
	GlobalSection(ExtensibilityGlobals) = postSolution
		SolutionGuid = {EEA0ED5B-FB3A-455B-B33D-89E52589B7DB}
	EndGlobalSection
EndGlobal
